{
  "originHash" : "8303a5a9ded81ee25b8b90d45036fc76ea50a41bb963544e469dbee9da339507",
  "pins" : [
    {
      "identity" : "swiftui-loading-view",
      "kind" : "remoteSourceControl",
      "location" : "https://github.com/mtdtechnology-net/swiftui-loading-view",
      "state" : {
        "revision" : "627559f31444018d95d8690288467ffd6e77c9a7",
        "version" : "23.10.1"
      }
    }
  ],
  "version" : 3
}
