{
  "originHash" : "7e3c42836214d695366a18424e3dd972caddc32b9f83b1233201c456a095d3f5",
  "pins" : [
    {
      "identity" : "swiftui-loading-view",
      "kind" : "remoteSourceControl",
      "location" : "https://github.com/mtdtechnology-net/swiftui-loading-view",
      "state" : {
        "revision" : "aa5ee4072d60766d388eb22a022ab173f7f7061a",
        "version" : "25.2.1"
      }
    }
  ],
  "version" : 3
}
